{
  "originHash" : "7ad2f625ed1b8d634f3001016e78c47dbbb30112f18687fc136aa435e4dfb87f",
  "pins" : [
    {
      "identity" : "swift-ai-sdk",
      "kind" : "remoteSourceControl",
      "location" : "https://github.com/teunlao/swift-ai-sdk.git",
      "state" : {
        "revision" : "89374cac1b61ba6c6ec4183366a6652fa706f1d9",
        "version" : "0.17.6"
      }
    },
    {
      "identity" : "swift-argument-parser",
      "kind" : "remoteSourceControl",
      "location" : "https://github.com/apple/swift-argument-parser",
      "state" : {
        "revision" : "626b5b7b2f45e1b0b1c6f4a309296d1d21d7311b",
        "version" : "1.7.1"
      }
    }
  ],
  "version" : 3
}
