// !$*UTF8*$!
{
	archiveVersion = 1;
	classes = {
	};
	objectVersion = 56;
	objects = {

/* Begin PBXBuildFile section */
		1A2B3C4D5E6F7A8B9C0D1E2F /* ConversationModels.swift in Sources */ = {isa = PBXBuildFile; fileRef = A1B2C3D4E5F6A7B8C9D0E1F2 /* ConversationModels.swift */; };
		2B3C4D5E6F7A8B9C0D1E2F3A /* ModelRouting.swift in Sources */ = {isa = PBXBuildFile; fileRef = B2C3D4E5F6A7B8C9D0E1F2A3 /* ModelRouting.swift */; };
		3C4D5E6F7A8B9C0D1E2F3A4B /* PersistenceModels.swift in Sources */ = {isa = PBXBuildFile; fileRef = C3D4E5F6A7B8C9D0E1F2A3B4 /* PersistenceModels.swift */; };
		4D5E6F7A8B9C0D1E2F3A4B5C /* ThreadPersistenceCoordinator.swift in Sources */ = {isa = PBXBuildFile; fileRef = D4E5F6A7B8C9D0E1F2A3B4C5 /* ThreadPersistenceCoordinator.swift */; };
		CC271EC62BD32BB4CE5320D9 /* AGENTSParser.swift in Sources */ = {isa = PBXBuildFile; fileRef = 801F43235E5551396C703A24 /* AGENTSParser.swift */; };
		4FF1284C2B64F0A0C9CB347B /* AgenticBridge.swift in Sources */ = {isa = PBXBuildFile; fileRef = 664DBA53DF674619E6090CBF /* AgenticBridge.swift */; };
		26B3F201225767B9FE58C4EB /* AgenticBridgeTypes.swift in Sources */ = {isa = PBXBuildFile; fileRef = CFF321DD08D050CA95603A25 /* AgenticBridgeTypes.swift */; };
		6AFAEDE425C1E9D22FB5768E /* AnthropicStreamHandler.swift in Sources */ = {isa = PBXBuildFile; fileRef = 243A90120F3395E47DA4ED89 /* AnthropicStreamHandler.swift */; };
		19917E4EE5C91BF5FDC36DF7 /* CodexTerminalCoordinator.swift in Sources */ = {isa = PBXBuildFile; fileRef = 775B4B1CB3E88F5612D3867B /* CodexTerminalCoordinator.swift */; };
		DFBD3F1F59A98DCECC9FB980 /* OpenAIStreamHandler.swift in Sources */ = {isa = PBXBuildFile; fileRef = D2F6AB722EC2982C0B7E0B7F /* OpenAIStreamHandler.swift */; };
		8CFE538E1BAF16C5C498A882 /* AgenticToolDispatch.swift in Sources */ = {isa = PBXBuildFile; fileRef = D5E0528FE6487D95E24D423D /* AgenticToolDispatch.swift */; };
		049F242DE39197BA8FF0C4C9 /* ArchitectureValidator.swift in Sources */ = {isa = PBXBuildFile; fileRef = E54E86D54FB79B7F011E22C8 /* ArchitectureValidator.swift */; };
		BE74AD3C412D2F167EA5FB93 /* ArtifactViews.swift in Sources */ = {isa = PBXBuildFile; fileRef = 9C9859DACF04DCEA13A4144E /* ArtifactViews.swift */; };
		A1BD1A9F0001000000000001 /* BuildDiagnostics.swift in Sources */ = {isa = PBXBuildFile; fileRef = A1BD1A9F0002000000000001 /* BuildDiagnostics.swift */; };
		1E1FEF724EAB5F024344F5E4 /* ChatThreadComponents.swift in Sources */ = {isa = PBXBuildFile; fileRef = 334556BC72737D361460E7E1 /* ChatThreadComponents.swift */; };
		632FA78E31CDD14C414242E6 /* CodeDiffEngine.swift in Sources */ = {isa = PBXBuildFile; fileRef = 9BC2A86E4AEC9D426B2CFB51 /* CodeDiffEngine.swift */; };
		2B3485B72DA2B41912060A35 /* CommandCenterApp.swift in Sources */ = {isa = PBXBuildFile; fileRef = 58B173609B5ACC9BA06B3BBE /* CommandCenterApp.swift */; };
		7B430E9436C535206BD065C3 /* CommandCenterView.swift in Sources */ = {isa = PBXBuildFile; fileRef = 5B1C934A6F31C2872971FD55 /* CommandCenterView.swift */; };
		31BB7E60865E92F5581D043C /* CompactionCoordinator.swift in Sources */ = {isa = PBXBuildFile; fileRef = 8A995873CE6BE5FC6BE8045B /* CompactionCoordinator.swift */; };
		0BB67EFD4BCC5BD0B6430253 /* ChatDetailViews.swift in Sources */ = {isa = PBXBuildFile; fileRef = 54E8EF5A6BC271B03CABAA64 /* ChatDetailViews.swift */; };
		DCA5482564BC800125BA640E /* ContextHeaderView.swift in Sources */ = {isa = PBXBuildFile; fileRef = 042EA3AE8E938245ADABFA7C /* ContextHeaderView.swift */; };
		A8FF1161966E0C4866C67952 /* InlineMonitorViews.swift in Sources */ = {isa = PBXBuildFile; fileRef = C367A461F4E118C7C9A5C293 /* InlineMonitorViews.swift */; };
		446BA504747FC77E5589B254 /* ComposerViews.swift in Sources */ = {isa = PBXBuildFile; fileRef = 6084365298D5B06D837BD44F /* ComposerViews.swift */; };
		52027B7AC4CDB838C1725146 /* DeploymentCoordinator.swift in Sources */ = {isa = PBXBuildFile; fileRef = ED7F5373E011CAB91D057AEF /* DeploymentCoordinator.swift */; };
		57DF55D1DB04E31917C0F384 /* CoreSceneController.swift in Sources */ = {isa = PBXBuildFile; fileRef = E3407F9293634F98E3070A3B /* CoreSceneController.swift */; };
		A61CA95B616E1CB91112DE25 /* DashboardViews.swift in Sources */ = {isa = PBXBuildFile; fileRef = 642EC1A337F97465525E89FA /* DashboardViews.swift */; };
		3064876C6B8865531A02EFD1 /* ExecutionPaneView.swift in Sources */ = {isa = PBXBuildFile; fileRef = BE5B68FA81B08646EB403D7F /* ExecutionPaneView.swift */; };
		5F3002493E0322D63BE3A58D /* ExecutionTreeViews.swift in Sources */ = {isa = PBXBuildFile; fileRef = 2034CD4B07118E1296046EC8 /* ExecutionTreeViews.swift */; };
		E65F5714942704B3931AB7E5 /* FactoryObserver.swift in Sources */ = {isa = PBXBuildFile; fileRef = C0EC4069E32705F6D442C25D /* FactoryObserver.swift */; };
		8CB8E47244366CA193C5646A /* FleetSidebarView.swift in Sources */ = {isa = PBXBuildFile; fileRef = 964EF521CCB353D2DCC6A9A9 /* FleetSidebarView.swift */; };
		234DA8FA799E9C121DE54888 /* GitFoundation.swift in Sources */ = {isa = PBXBuildFile; fileRef = B1E6F411FA149895B47F9BE9 /* GitFoundation.swift */; };
		DFD5649921CB85F1F90026FE /* HandoffExecutor.swift in Sources */ = {isa = PBXBuildFile; fileRef = 2EEF8CA3E93FF8574463EB69 /* HandoffExecutor.swift */; };
		31D381DF9689E666724317FD /* JobFoundation.swift in Sources */ = {isa = PBXBuildFile; fileRef = AB8F81521F0923CDCD8FADAF /* JobFoundation.swift */; };
		C9E8CEC611F8BE573D08E1E1 /* LatencyDiagnostics.swift in Sources */ = {isa = PBXBuildFile; fileRef = 9EAD2BEED85ED56F7D51C38F /* LatencyDiagnostics.swift */; };
		9260257F7596881115349E37 /* MarkdownRendering.swift in Sources */ = {isa = PBXBuildFile; fileRef = 2B6BF72433BC9DC7E70F481C /* MarkdownRendering.swift */; };
		F9B8D5EB91C75EEE32CEC58B /* MemoryHardening.swift in Sources */ = {isa = PBXBuildFile; fileRef = 7A9D73D520077B899911E482 /* MemoryHardening.swift */; };
		A1BD1A9F0001000000000002 /* MultimodalEngine.swift in Sources */ = {isa = PBXBuildFile; fileRef = A1BD1A9F0002000000000002 /* MultimodalEngine.swift */; };
		5A6B7C8D9E0F1A2B3C4D5E6F /* LiveStateEngine.swift in Sources */ = {isa = PBXBuildFile; fileRef = E5F6A7B8C9D0E1F2A3B4C5D6 /* LiveStateEngine.swift */; };
		6B7C8D9E0F1A2B3C4D5E6F7A /* PipelineRunner.swift in Sources */ = {isa = PBXBuildFile; fileRef = F6A7B8C9D0E1F2A3B4C5D6E7 /* PipelineRunner.swift */; };
		7C8D9E0F1A2B3C4D5E6F7A8B /* PipelineSupport.swift in Sources */ = {isa = PBXBuildFile; fileRef = A7B8C9D0E1F2A3B4C5D6E7F8 /* PipelineSupport.swift */; };
		8D9E0F1A2B3C4D5E6F7A8B9C /* StreamingTextBuffer.swift in Sources */ = {isa = PBXBuildFile; fileRef = B8C9D0E1F2A3B4C5D6E7F8A9 /* StreamingTextBuffer.swift */; };
		7115E7D529534182E2B8B8DA /* NarrativeRenderer.swift in Sources */ = {isa = PBXBuildFile; fileRef = 6F0EC998D64DC13749494CAC /* NarrativeRenderer.swift */; };
		FEF575123B46F6D281F54E45 /* RepositoryMonitor.swift in Sources */ = {isa = PBXBuildFile; fileRef = C8E25A9085CDF22794D89368 /* RepositoryMonitor.swift */; };
		A9FBCB160374E4048454F562 /* SessionInspectorModel.swift in Sources */ = {isa = PBXBuildFile; fileRef = 66048FAB701ED1745115AC69 /* SessionInspectorModel.swift */; };
		A5678CD7A641F6B718855AAE /* SessionInspectorView.swift in Sources */ = {isa = PBXBuildFile; fileRef = 3A2061CBABA9A00BF6A13C1E /* SessionInspectorView.swift */; };
		2D01DD08302974B905F420C4 /* SessionTemplateEngine.swift in Sources */ = {isa = PBXBuildFile; fileRef = 64B2D884055203AD30D338FA /* SessionTemplateEngine.swift */; };
		9555EE8008149DBBC9624214 /* SimulatorPreviewService.swift in Sources */ = {isa = PBXBuildFile; fileRef = 78812A36A4EAA85CBB39408B /* SimulatorPreviewService.swift */; };
		02435D1E74ED8D66C82EB537 /* StatefulTerminalEngine.swift in Sources */ = {isa = PBXBuildFile; fileRef = FFD58665651DA71F7E8A8272 /* StatefulTerminalEngine.swift */; };
		7926D6C5B3065199DCED7FC1 /* StreamPipeline.swift in Sources */ = {isa = PBXBuildFile; fileRef = 3E705B78D930FA2FE4C9044E /* StreamPipeline.swift */; };
		DD32B50EC68927F61F831A3F /* StreamRendering.swift in Sources */ = {isa = PBXBuildFile; fileRef = 2E065D6BBACBDE1BDC9D5609 /* StreamRendering.swift */; };
		DDC2D32E1D2C13C633AB498F /* StudioColorTokens.swift in Sources */ = {isa = PBXBuildFile; fileRef = DBD3D7A9B654504FB25007D1 /* StudioColorTokens.swift */; };
		34ED9E3403349937E727E584 /* StudioMotion.swift in Sources */ = {isa = PBXBuildFile; fileRef = 231E0F0ED79FD083925A3F04 /* StudioMotion.swift */; };
		70985AE89BE88A991C629B35 /* StudioTypography.swift in Sources */ = {isa = PBXBuildFile; fileRef = FB5CE10109B2D38A84CBF328 /* StudioTypography.swift */; };
		79C086447AE61A04518CDDD0 /* TaskPlanEngine.swift in Sources */ = {isa = PBXBuildFile; fileRef = FECCC1286EE0414DB41D8B02 /* TaskPlanEngine.swift */; };
		3CE62826288F79942AA379DF /* TelemetryIngestor.swift in Sources */ = {isa = PBXBuildFile; fileRef = B1C46E542B3B401A11649643 /* TelemetryIngestor.swift */; };
		5F053E3E1E50044DEAB0A610 /* ToolCallComponents.swift in Sources */ = {isa = PBXBuildFile; fileRef = 239EBAFDFA23D2EF5670921C /* ToolCallComponents.swift */; };
		7CAB861CB07F7B0F81FEE65C /* ToolGuardrails.swift in Sources */ = {isa = PBXBuildFile; fileRef = F4DD050439E57775A7AC464A /* ToolGuardrails.swift */; };
		8025EFD3D38E831360460D35 /* ToolParallelism.swift in Sources */ = {isa = PBXBuildFile; fileRef = D68C5BBAF268058BF00C3223 /* ToolParallelism.swift */; };
		A1EE27EFEDE3DE059AFCAC9D /* TraceStore.swift in Sources */ = {isa = PBXBuildFile; fileRef = 23CA90F11D465BF248E19EC4 /* TraceStore.swift */; };
		BB5F9222EBEDF170C1E803B9 /* ViewportPaneView.swift in Sources */ = {isa = PBXBuildFile; fileRef = 633CBB71F894C8E0A4A94297 /* ViewportPaneView.swift */; };
		CEBD8ACD53B2A5DF5D2DE441 /* ViewportStreamModel.swift in Sources */ = {isa = PBXBuildFile; fileRef = 910F616E0B2B18AE93235C5C /* ViewportStreamModel.swift */; };
		71CF9A7BD0693E5017EB9CC0 /* VolumetricCoreView.swift in Sources */ = {isa = PBXBuildFile; fileRef = 2C15C21A1D66B78F091B982F /* VolumetricCoreView.swift */; };
		4A74717FBFB668EFAD86DA31 /* WorkspaceBackground.swift in Sources */ = {isa = PBXBuildFile; fileRef = D301484DF572698F2941DE58 /* WorkspaceBackground.swift */; };
		A747DC77E5B492A22F55140C /* WorkspaceShellView.swift in Sources */ = {isa = PBXBuildFile; fileRef = 406850612D88EBCDE400326F /* WorkspaceShellView.swift */; };
		C1A92B3F0001000000000001 /* WorkspaceCoordinator.swift in Sources */ = {isa = PBXBuildFile; fileRef = C1A92B3F0002000000000001 /* WorkspaceCoordinator.swift */; };
		C1A92B3F0001000000000002 /* ThreadCoordinator.swift in Sources */ = {isa = PBXBuildFile; fileRef = C1A92B3F0002000000000002 /* ThreadCoordinator.swift */; };
		C1A92B3F0001000000000003 /* ThreadTitleGenerator.swift in Sources */ = {isa = PBXBuildFile; fileRef = C1A92B3F0002000000000003 /* ThreadTitleGenerator.swift */; };
		8C0270E05E683269BEECEC8A /* WorktreeJobViews.swift in Sources */ = {isa = PBXBuildFile; fileRef = 7786CDF5DA4B2DD35D029C4D /* WorktreeJobViews.swift */; };
		76A00CA347FE4063CE004AF7 /* Geist-Light.ttf in Resources */ = {isa = PBXBuildFile; fileRef = F98CF927E58EF138B4C9E96F /* Geist-Light.ttf */; };
		7C6AF6C9EFC306E1611B5377 /* Geist-Medium.ttf in Resources */ = {isa = PBXBuildFile; fileRef = A4BAFF4AA60D144041CADF0F /* Geist-Medium.ttf */; };
		C4D5965668118BDA58938773 /* Geist-Regular.ttf in Resources */ = {isa = PBXBuildFile; fileRef = 58F2486771345ACA7568DAD6 /* Geist-Regular.ttf */; };
		2AC3E377124909F3918D61CC /* Studio.92CoreAsset.usdz in Resources */ = {isa = PBXBuildFile; fileRef = D66DB9A7EAB20B6D9ABC1B04 /* Studio.92CoreAsset.usdz */; };
		C1CADA41322411522DB4AF5D /* Studio.92GeneratedCore.usdz in Resources */ = {isa = PBXBuildFile; fileRef = EADD6A7B3A16B7D22D156E9A /* Studio.92GeneratedCore.usdz */; };
		F645A92B302448BF1B5B8D2C /* studio92-hero.jpg in Resources */ = {isa = PBXBuildFile; fileRef = 2E99A0DFFE45A1791374DAD5 /* studio92-hero.jpg */; };
		3AD24BC21A93FD504DC9AA6E /* StudioPolish.swift in Sources */ = {isa = PBXBuildFile; fileRef = 31290122814BEDC093522436 /* StudioPolish.swift */; };
		C43B45B00B974A79CEDD20D2 /* StudioFeedback.swift in Sources */ = {isa = PBXBuildFile; fileRef = 49CE67B96EC45B43F55B55D3 /* StudioFeedback.swift */; };
		4DCFA61ED0990A82DB1A205E /* StudioInsightEngine.swift in Sources */ = {isa = PBXBuildFile; fileRef = 50EA867C99A18AC7CB7FE690 /* StudioInsightEngine.swift */; };
		9A94FA709564CFFBF6B6602B /* StudioAutomationEngine.swift in Sources */ = {isa = PBXBuildFile; fileRef = 800F05E44E29E13A73C04DB3 /* StudioAutomationEngine.swift */; };
		E1F2A3B4C5D6E7F8A9B0C1D2 /* ExecutionLoopEngine.swift in Sources */ = {isa = PBXBuildFile; fileRef = F2A3B4C5D6E7F8A9B0C1D2E3 /* ExecutionLoopEngine.swift */; };
		A3B4C5D6E7F8A9B0C1D2E3F4 /* AnthropicExecutionLoop.swift in Sources */ = {isa = PBXBuildFile; fileRef = B4C5D6E7F8A9B0C1D2E3F4A5 /* AnthropicExecutionLoop.swift */; };
		C5D6E7F8A9B0C1D2E3F4A5B6 /* OpenAIExecutionLoop.swift in Sources */ = {isa = PBXBuildFile; fileRef = D6E7F8A9B0C1D2E3F4A5B6C7 /* OpenAIExecutionLoop.swift */; };
		E7F8A9B0C1D2E3F4A5B6C7D8 /* ToolSchemas.swift in Sources */ = {isa = PBXBuildFile; fileRef = F8A9B0C1D2E3F4A5B6C7D8E9 /* ToolSchemas.swift */; };
		AABB0003CCDD0003EEFF0003 /* AgentCouncil in Frameworks */ = {isa = PBXBuildFile; productRef = AABB0002CCDD0002EEFF0002 /* AgentCouncil */; };
/* End PBXBuildFile section */

/* Begin PBXFileReference section */
		A1B2C3D4E5F6A7B8C9D0E1F2 /* ConversationModels.swift */ = {isa = PBXFileReference; lastKnownFileType = sourcecode.swift; path = ConversationModels.swift; sourceTree = "<group>"; };
		B2C3D4E5F6A7B8C9D0E1F2A3 /* ModelRouting.swift */ = {isa = PBXFileReference; lastKnownFileType = sourcecode.swift; path = ModelRouting.swift; sourceTree = "<group>"; };
		C3D4E5F6A7B8C9D0E1F2A3B4 /* PersistenceModels.swift */ = {isa = PBXFileReference; lastKnownFileType = sourcecode.swift; path = PersistenceModels.swift; sourceTree = "<group>"; };
		D4E5F6A7B8C9D0E1F2A3B4C5 /* ThreadPersistenceCoordinator.swift */ = {isa = PBXFileReference; lastKnownFileType = sourcecode.swift; path = ThreadPersistenceCoordinator.swift; sourceTree = "<group>"; };
		801F43235E5551396C703A24 /* AGENTSParser.swift */ = {isa = PBXFileReference; lastKnownFileType = sourcecode.swift; path = AGENTSParser.swift; sourceTree = "<group>"; };
		664DBA53DF674619E6090CBF /* AgenticBridge.swift */ = {isa = PBXFileReference; lastKnownFileType = sourcecode.swift; path = AgenticBridge.swift; sourceTree = "<group>"; };			CFF321DD08D050CA95603A25 /* AgenticBridgeTypes.swift */ = {isa = PBXFileReference; lastKnownFileType = sourcecode.swift; path = AgenticBridgeTypes.swift; sourceTree = "<group>"; };
			243A90120F3395E47DA4ED89 /* AnthropicStreamHandler.swift */ = {isa = PBXFileReference; lastKnownFileType = sourcecode.swift; path = AnthropicStreamHandler.swift; sourceTree = "<group>"; };
			775B4B1CB3E88F5612D3867B /* CodexTerminalCoordinator.swift */ = {isa = PBXFileReference; lastKnownFileType = sourcecode.swift; path = CodexTerminalCoordinator.swift; sourceTree = "<group>"; };
			D2F6AB722EC2982C0B7E0B7F /* OpenAIStreamHandler.swift */ = {isa = PBXFileReference; lastKnownFileType = sourcecode.swift; path = OpenAIStreamHandler.swift; sourceTree = "<group>"; };		D5E0528FE6487D95E24D423D /* AgenticToolDispatch.swift */ = {isa = PBXFileReference; lastKnownFileType = sourcecode.swift; path = AgenticToolDispatch.swift; sourceTree = "<group>"; };
		E54E86D54FB79B7F011E22C8 /* ArchitectureValidator.swift */ = {isa = PBXFileReference; lastKnownFileType = sourcecode.swift; path = ArchitectureValidator.swift; sourceTree = "<group>"; };
		9C9859DACF04DCEA13A4144E /* ArtifactViews.swift */ = {isa = PBXFileReference; lastKnownFileType = sourcecode.swift; path = ArtifactViews.swift; sourceTree = "<group>"; };
		A1BD1A9F0002000000000001 /* BuildDiagnostics.swift */ = {isa = PBXFileReference; lastKnownFileType = sourcecode.swift; path = BuildDiagnostics.swift; sourceTree = "<group>"; };
		334556BC72737D361460E7E1 /* ChatThreadComponents.swift */ = {isa = PBXFileReference; lastKnownFileType = sourcecode.swift; path = ChatThreadComponents.swift; sourceTree = "<group>"; };
		9BC2A86E4AEC9D426B2CFB51 /* CodeDiffEngine.swift */ = {isa = PBXFileReference; lastKnownFileType = sourcecode.swift; path = CodeDiffEngine.swift; sourceTree = "<group>"; };
		58B173609B5ACC9BA06B3BBE /* CommandCenterApp.swift */ = {isa = PBXFileReference; lastKnownFileType = sourcecode.swift; path = CommandCenterApp.swift; sourceTree = "<group>"; };
		5B1C934A6F31C2872971FD55 /* CommandCenterView.swift */ = {isa = PBXFileReference; lastKnownFileType = sourcecode.swift; path = CommandCenterView.swift; sourceTree = "<group>"; };
		8A995873CE6BE5FC6BE8045B /* CompactionCoordinator.swift */ = {isa = PBXFileReference; lastKnownFileType = sourcecode.swift; path = CompactionCoordinator.swift; sourceTree = "<group>"; };
		54E8EF5A6BC271B03CABAA64 /* ChatDetailViews.swift */ = {isa = PBXFileReference; lastKnownFileType = sourcecode.swift; path = ChatDetailViews.swift; sourceTree = "<group>"; };
		042EA3AE8E938245ADABFA7C /* ContextHeaderView.swift */ = {isa = PBXFileReference; lastKnownFileType = sourcecode.swift; path = ContextHeaderView.swift; sourceTree = "<group>"; };
		C367A461F4E118C7C9A5C293 /* InlineMonitorViews.swift */ = {isa = PBXFileReference; lastKnownFileType = sourcecode.swift; path = InlineMonitorViews.swift; sourceTree = "<group>"; };
		6084365298D5B06D837BD44F /* ComposerViews.swift */ = {isa = PBXFileReference; lastKnownFileType = sourcecode.swift; path = ComposerViews.swift; sourceTree = "<group>"; };
		ED7F5373E011CAB91D057AEF /* DeploymentCoordinator.swift */ = {isa = PBXFileReference; lastKnownFileType = sourcecode.swift; path = DeploymentCoordinator.swift; sourceTree = "<group>"; };
		E3407F9293634F98E3070A3B /* CoreSceneController.swift */ = {isa = PBXFileReference; lastKnownFileType = sourcecode.swift; path = CoreSceneController.swift; sourceTree = "<group>"; };
		642EC1A337F97465525E89FA /* DashboardViews.swift */ = {isa = PBXFileReference; lastKnownFileType = sourcecode.swift; path = DashboardViews.swift; sourceTree = "<group>"; };
		BE5B68FA81B08646EB403D7F /* ExecutionPaneView.swift */ = {isa = PBXFileReference; lastKnownFileType = sourcecode.swift; path = ExecutionPaneView.swift; sourceTree = "<group>"; };
		2034CD4B07118E1296046EC8 /* ExecutionTreeViews.swift */ = {isa = PBXFileReference; lastKnownFileType = sourcecode.swift; path = ExecutionTreeViews.swift; sourceTree = "<group>"; };
		C0EC4069E32705F6D442C25D /* FactoryObserver.swift */ = {isa = PBXFileReference; lastKnownFileType = sourcecode.swift; path = FactoryObserver.swift; sourceTree = "<group>"; };
		964EF521CCB353D2DCC6A9A9 /* FleetSidebarView.swift */ = {isa = PBXFileReference; lastKnownFileType = sourcecode.swift; path = FleetSidebarView.swift; sourceTree = "<group>"; };
		B1E6F411FA149895B47F9BE9 /* GitFoundation.swift */ = {isa = PBXFileReference; lastKnownFileType = sourcecode.swift; path = GitFoundation.swift; sourceTree = "<group>"; };
				2EEF8CA3E93FF8574463EB69 /* HandoffExecutor.swift */ = {isa = PBXFileReference; lastKnownFileType = sourcecode.swift; path = HandoffExecutor.swift; sourceTree = "<group>"; };
		AB8F81521F0923CDCD8FADAF /* JobFoundation.swift */ = {isa = PBXFileReference; lastKnownFileType = sourcecode.swift; path = JobFoundation.swift; sourceTree = "<group>"; };
		9EAD2BEED85ED56F7D51C38F /* LatencyDiagnostics.swift */ = {isa = PBXFileReference; lastKnownFileType = sourcecode.swift; path = LatencyDiagnostics.swift; sourceTree = "<group>"; };
		2B6BF72433BC9DC7E70F481C /* MarkdownRendering.swift */ = {isa = PBXFileReference; lastKnownFileType = sourcecode.swift; path = MarkdownRendering.swift; sourceTree = "<group>"; };
		7A9D73D520077B899911E482 /* MemoryHardening.swift */ = {isa = PBXFileReference; lastKnownFileType = sourcecode.swift; path = MemoryHardening.swift; sourceTree = "<group>"; };
		A1BD1A9F0002000000000002 /* MultimodalEngine.swift */ = {isa = PBXFileReference; lastKnownFileType = sourcecode.swift; path = MultimodalEngine.swift; sourceTree = "<group>"; };
		E5F6A7B8C9D0E1F2A3B4C5D6 /* LiveStateEngine.swift */ = {isa = PBXFileReference; lastKnownFileType = sourcecode.swift; path = LiveStateEngine.swift; sourceTree = "<group>"; };
		F6A7B8C9D0E1F2A3B4C5D6E7 /* PipelineRunner.swift */ = {isa = PBXFileReference; lastKnownFileType = sourcecode.swift; path = PipelineRunner.swift; sourceTree = "<group>"; };
		A7B8C9D0E1F2A3B4C5D6E7F8 /* PipelineSupport.swift */ = {isa = PBXFileReference; lastKnownFileType = sourcecode.swift; path = PipelineSupport.swift; sourceTree = "<group>"; };
		B8C9D0E1F2A3B4C5D6E7F8A9 /* StreamingTextBuffer.swift */ = {isa = PBXFileReference; lastKnownFileType = sourcecode.swift; path = StreamingTextBuffer.swift; sourceTree = "<group>"; };
		6F0EC998D64DC13749494CAC /* NarrativeRenderer.swift */ = {isa = PBXFileReference; lastKnownFileType = sourcecode.swift; path = NarrativeRenderer.swift; sourceTree = "<group>"; };
		C8E25A9085CDF22794D89368 /* RepositoryMonitor.swift */ = {isa = PBXFileReference; lastKnownFileType = sourcecode.swift; path = RepositoryMonitor.swift; sourceTree = "<group>"; };
		66048FAB701ED1745115AC69 /* SessionInspectorModel.swift */ = {isa = PBXFileReference; lastKnownFileType = sourcecode.swift; path = SessionInspectorModel.swift; sourceTree = "<group>"; };
		3A2061CBABA9A00BF6A13C1E /* SessionInspectorView.swift */ = {isa = PBXFileReference; lastKnownFileType = sourcecode.swift; path = SessionInspectorView.swift; sourceTree = "<group>"; };
		64B2D884055203AD30D338FA /* SessionTemplateEngine.swift */ = {isa = PBXFileReference; lastKnownFileType = sourcecode.swift; path = SessionTemplateEngine.swift; sourceTree = "<group>"; };
		78812A36A4EAA85CBB39408B /* SimulatorPreviewService.swift */ = {isa = PBXFileReference; lastKnownFileType = sourcecode.swift; path = SimulatorPreviewService.swift; sourceTree = "<group>"; };
		FFD58665651DA71F7E8A8272 /* StatefulTerminalEngine.swift */ = {isa = PBXFileReference; lastKnownFileType = sourcecode.swift; path = StatefulTerminalEngine.swift; sourceTree = "<group>"; };
		3E705B78D930FA2FE4C9044E /* StreamPipeline.swift */ = {isa = PBXFileReference; lastKnownFileType = sourcecode.swift; path = StreamPipeline.swift; sourceTree = "<group>"; };
		2E065D6BBACBDE1BDC9D5609 /* StreamRendering.swift */ = {isa = PBXFileReference; lastKnownFileType = sourcecode.swift; path = StreamRendering.swift; sourceTree = "<group>"; };
		DBD3D7A9B654504FB25007D1 /* StudioColorTokens.swift */ = {isa = PBXFileReference; lastKnownFileType = sourcecode.swift; path = StudioColorTokens.swift; sourceTree = "<group>"; };
		231E0F0ED79FD083925A3F04 /* StudioMotion.swift */ = {isa = PBXFileReference; lastKnownFileType = sourcecode.swift; path = StudioMotion.swift; sourceTree = "<group>"; };
		FB5CE10109B2D38A84CBF328 /* StudioTypography.swift */ = {isa = PBXFileReference; lastKnownFileType = sourcecode.swift; path = StudioTypography.swift; sourceTree = "<group>"; };
		FECCC1286EE0414DB41D8B02 /* TaskPlanEngine.swift */ = {isa = PBXFileReference; lastKnownFileType = sourcecode.swift; path = TaskPlanEngine.swift; sourceTree = "<group>"; };
		B1C46E542B3B401A11649643 /* TelemetryIngestor.swift */ = {isa = PBXFileReference; lastKnownFileType = sourcecode.swift; path = TelemetryIngestor.swift; sourceTree = "<group>"; };
		239EBAFDFA23D2EF5670921C /* ToolCallComponents.swift */ = {isa = PBXFileReference; lastKnownFileType = sourcecode.swift; path = ToolCallComponents.swift; sourceTree = "<group>"; };
		F4DD050439E57775A7AC464A /* ToolGuardrails.swift */ = {isa = PBXFileReference; lastKnownFileType = sourcecode.swift; path = ToolGuardrails.swift; sourceTree = "<group>"; };
		D68C5BBAF268058BF00C3223 /* ToolParallelism.swift */ = {isa = PBXFileReference; lastKnownFileType = sourcecode.swift; path = ToolParallelism.swift; sourceTree = "<group>"; };
		23CA90F11D465BF248E19EC4 /* TraceStore.swift */ = {isa = PBXFileReference; lastKnownFileType = sourcecode.swift; path = TraceStore.swift; sourceTree = "<group>"; };
		633CBB71F894C8E0A4A94297 /* ViewportPaneView.swift */ = {isa = PBXFileReference; lastKnownFileType = sourcecode.swift; path = ViewportPaneView.swift; sourceTree = "<group>"; };
		910F616E0B2B18AE93235C5C /* ViewportStreamModel.swift */ = {isa = PBXFileReference; lastKnownFileType = sourcecode.swift; path = ViewportStreamModel.swift; sourceTree = "<group>"; };
		2C15C21A1D66B78F091B982F /* VolumetricCoreView.swift */ = {isa = PBXFileReference; lastKnownFileType = sourcecode.swift; path = VolumetricCoreView.swift; sourceTree = "<group>"; };
		D301484DF572698F2941DE58 /* WorkspaceBackground.swift */ = {isa = PBXFileReference; lastKnownFileType = sourcecode.swift; path = WorkspaceBackground.swift; sourceTree = "<group>"; };
		406850612D88EBCDE400326F /* WorkspaceShellView.swift */ = {isa = PBXFileReference; lastKnownFileType = sourcecode.swift; path = WorkspaceShellView.swift; sourceTree = "<group>"; };
		C1A92B3F0002000000000001 /* WorkspaceCoordinator.swift */ = {isa = PBXFileReference; lastKnownFileType = sourcecode.swift; path = WorkspaceCoordinator.swift; sourceTree = "<group>"; };
		C1A92B3F0002000000000002 /* ThreadCoordinator.swift */ = {isa = PBXFileReference; lastKnownFileType = sourcecode.swift; path = ThreadCoordinator.swift; sourceTree = "<group>"; };
		C1A92B3F0002000000000003 /* ThreadTitleGenerator.swift */ = {isa = PBXFileReference; lastKnownFileType = sourcecode.swift; path = ThreadTitleGenerator.swift; sourceTree = "<group>"; };
		7786CDF5DA4B2DD35D029C4D /* WorktreeJobViews.swift */ = {isa = PBXFileReference; lastKnownFileType = sourcecode.swift; path = WorktreeJobViews.swift; sourceTree = "<group>"; };
		A10000030000000000000001 /* CommandCenter.app */ = {isa = PBXFileReference; explicitFileType = wrapper.application; includeInIndex = 0; path = CommandCenter.app; sourceTree = BUILT_PRODUCTS_DIR; };
		F98CF927E58EF138B4C9E96F /* Geist-Light.ttf */ = {isa = PBXFileReference; lastKnownFileType = file; path = "Resources/Geist-Light.ttf"; sourceTree = "<group>"; };
		A4BAFF4AA60D144041CADF0F /* Geist-Medium.ttf */ = {isa = PBXFileReference; lastKnownFileType = file; path = "Resources/Geist-Medium.ttf"; sourceTree = "<group>"; };
		58F2486771345ACA7568DAD6 /* Geist-Regular.ttf */ = {isa = PBXFileReference; lastKnownFileType = file; path = "Resources/Geist-Regular.ttf"; sourceTree = "<group>"; };
		D66DB9A7EAB20B6D9ABC1B04 /* Studio.92CoreAsset.usdz */ = {isa = PBXFileReference; lastKnownFileType = file; path = "Resources/Studio.92CoreAsset.usdz"; sourceTree = "<group>"; };
		EADD6A7B3A16B7D22D156E9A /* Studio.92GeneratedCore.usdz */ = {isa = PBXFileReference; lastKnownFileType = file; path = "Resources/Studio.92GeneratedCore.usdz"; sourceTree = "<group>"; };
		2E99A0DFFE45A1791374DAD5 /* studio92-hero.jpg */ = {isa = PBXFileReference; lastKnownFileType = image.jpeg; path = "Resources/studio92-hero.jpg"; sourceTree = "<group>"; };
		31290122814BEDC093522436 /* StudioPolish.swift */ = {isa = PBXFileReference; lastKnownFileType = sourcecode.swift; path = StudioPolish.swift; sourceTree = "<group>"; };
		49CE67B96EC45B43F55B55D3 /* StudioFeedback.swift */ = {isa = PBXFileReference; lastKnownFileType = sourcecode.swift; path = StudioFeedback.swift; sourceTree = "<group>"; };
		50EA867C99A18AC7CB7FE690 /* StudioInsightEngine.swift */ = {isa = PBXFileReference; lastKnownFileType = sourcecode.swift; path = StudioInsightEngine.swift; sourceTree = "<group>"; };
		800F05E44E29E13A73C04DB3 /* StudioAutomationEngine.swift */ = {isa = PBXFileReference; lastKnownFileType = sourcecode.swift; path = StudioAutomationEngine.swift; sourceTree = "<group>"; };
		F2A3B4C5D6E7F8A9B0C1D2E3 /* ExecutionLoopEngine.swift */ = {isa = PBXFileReference; lastKnownFileType = sourcecode.swift; path = ExecutionLoopEngine.swift; sourceTree = "<group>"; };
		B4C5D6E7F8A9B0C1D2E3F4A5 /* AnthropicExecutionLoop.swift */ = {isa = PBXFileReference; lastKnownFileType = sourcecode.swift; path = AnthropicExecutionLoop.swift; sourceTree = "<group>"; };
		D6E7F8A9B0C1D2E3F4A5B6C7 /* OpenAIExecutionLoop.swift */ = {isa = PBXFileReference; lastKnownFileType = sourcecode.swift; path = OpenAIExecutionLoop.swift; sourceTree = "<group>"; };
		F8A9B0C1D2E3F4A5B6C7D8E9 /* ToolSchemas.swift */ = {isa = PBXFileReference; lastKnownFileType = sourcecode.swift; path = ToolSchemas.swift; sourceTree = "<group>"; };
/* End PBXFileReference section */

/* Begin PBXFrameworksBuildPhase section */
		A10000040000000000000001 /* Frameworks */ = {
			isa = PBXFrameworksBuildPhase;
			buildActionMask = 2147483647;
			files = (
				AABB0003CCDD0003EEFF0003 /* AgentCouncil in Frameworks */,
			);
			runOnlyForDeploymentPostprocessing = 0;
		};
/* End PBXFrameworksBuildPhase section */

/* Begin PBXGroup section */
		A10000050000000000000001 = {
			isa = PBXGroup;
			children = (
				A10000050000000000000002 /* CommandCenter */,
				A10000050000000000000003 /* Products */,
			);
			sourceTree = "<group>";
		};
		A10000050000000000000002 /* CommandCenter */ = {
			isa = PBXGroup;
			children = (
				801F43235E5551396C703A24 /* AGENTSParser.swift */,
				664DBA53DF674619E6090CBF /* AgenticBridge.swift */,
				CFF321DD08D050CA95603A25 /* AgenticBridgeTypes.swift */,
				D5E0528FE6487D95E24D423D /* AgenticToolDispatch.swift */,
				B4C5D6E7F8A9B0C1D2E3F4A5 /* AnthropicExecutionLoop.swift */,
				243A90120F3395E47DA4ED89 /* AnthropicStreamHandler.swift */,
				E54E86D54FB79B7F011E22C8 /* ArchitectureValidator.swift */,
				9C9859DACF04DCEA13A4144E /* ArtifactViews.swift */,
				A1BD1A9F0002000000000001 /* BuildDiagnostics.swift */,
				334556BC72737D361460E7E1 /* ChatThreadComponents.swift */,
				9BC2A86E4AEC9D426B2CFB51 /* CodeDiffEngine.swift */,
				775B4B1CB3E88F5612D3867B /* CodexTerminalCoordinator.swift */,
				58B173609B5ACC9BA06B3BBE /* CommandCenterApp.swift */,
				A1B2C3D4E5F6A7B8C9D0E1F2 /* ConversationModels.swift */,
				5B1C934A6F31C2872971FD55 /* CommandCenterView.swift */,
				8A995873CE6BE5FC6BE8045B /* CompactionCoordinator.swift */,
				54E8EF5A6BC271B03CABAA64 /* ChatDetailViews.swift */,
				042EA3AE8E938245ADABFA7C /* ContextHeaderView.swift */,
				C367A461F4E118C7C9A5C293 /* InlineMonitorViews.swift */,
				6084365298D5B06D837BD44F /* ComposerViews.swift */,
				D6E7F8A9B0C1D2E3F4A5B6C7 /* OpenAIExecutionLoop.swift */,
				D2F6AB722EC2982C0B7E0B7F /* OpenAIStreamHandler.swift */,
				ED7F5373E011CAB91D057AEF /* DeploymentCoordinator.swift */,
				E3407F9293634F98E3070A3B /* CoreSceneController.swift */,
				642EC1A337F97465525E89FA /* DashboardViews.swift */,
				F2A3B4C5D6E7F8A9B0C1D2E3 /* ExecutionLoopEngine.swift */,
				BE5B68FA81B08646EB403D7F /* ExecutionPaneView.swift */,
				2034CD4B07118E1296046EC8 /* ExecutionTreeViews.swift */,
				C0EC4069E32705F6D442C25D /* FactoryObserver.swift */,
				964EF521CCB353D2DCC6A9A9 /* FleetSidebarView.swift */,
				B1E6F411FA149895B47F9BE9 /* GitFoundation.swift */,
				2EEF8CA3E93FF8574463EB69 /* HandoffExecutor.swift */,
				AB8F81521F0923CDCD8FADAF /* JobFoundation.swift */,
				9EAD2BEED85ED56F7D51C38F /* LatencyDiagnostics.swift */,
				E5F6A7B8C9D0E1F2A3B4C5D6 /* LiveStateEngine.swift */,
				2B6BF72433BC9DC7E70F481C /* MarkdownRendering.swift */,
				7A9D73D520077B899911E482 /* MemoryHardening.swift */,
				B2C3D4E5F6A7B8C9D0E1F2A3 /* ModelRouting.swift */,
				A1BD1A9F0002000000000002 /* MultimodalEngine.swift */,
				6F0EC998D64DC13749494CAC /* NarrativeRenderer.swift */,
				C3D4E5F6A7B8C9D0E1F2A3B4 /* PersistenceModels.swift */,
				F6A7B8C9D0E1F2A3B4C5D6E7 /* PipelineRunner.swift */,
				A7B8C9D0E1F2A3B4C5D6E7F8 /* PipelineSupport.swift */,
				C8E25A9085CDF22794D89368 /* RepositoryMonitor.swift */,
				66048FAB701ED1745115AC69 /* SessionInspectorModel.swift */,
				3A2061CBABA9A00BF6A13C1E /* SessionInspectorView.swift */,
				64B2D884055203AD30D338FA /* SessionTemplateEngine.swift */,
				78812A36A4EAA85CBB39408B /* SimulatorPreviewService.swift */,
				FFD58665651DA71F7E8A8272 /* StatefulTerminalEngine.swift */,
				3E705B78D930FA2FE4C9044E /* StreamPipeline.swift */,
				2E065D6BBACBDE1BDC9D5609 /* StreamRendering.swift */,
				B8C9D0E1F2A3B4C5D6E7F8A9 /* StreamingTextBuffer.swift */,
				DBD3D7A9B654504FB25007D1 /* StudioColorTokens.swift */,
				49CE67B96EC45B43F55B55D3 /* StudioFeedback.swift */,
				D4E5F6A7B8C9D0E1F2A3B4C5 /* ThreadPersistenceCoordinator.swift */,
				50EA867C99A18AC7CB7FE690 /* StudioInsightEngine.swift */,
				800F05E44E29E13A73C04DB3 /* StudioAutomationEngine.swift */,
				231E0F0ED79FD083925A3F04 /* StudioMotion.swift */,
				FB5CE10109B2D38A84CBF328 /* StudioTypography.swift */,
				31290122814BEDC093522436 /* StudioPolish.swift */,
				FECCC1286EE0414DB41D8B02 /* TaskPlanEngine.swift */,
				B1C46E542B3B401A11649643 /* TelemetryIngestor.swift */,
				239EBAFDFA23D2EF5670921C /* ToolCallComponents.swift */,
				F4DD050439E57775A7AC464A /* ToolGuardrails.swift */,
				D68C5BBAF268058BF00C3223 /* ToolParallelism.swift */,
				F8A9B0C1D2E3F4A5B6C7D8E9 /* ToolSchemas.swift */,
				23CA90F11D465BF248E19EC4 /* TraceStore.swift */,
				633CBB71F894C8E0A4A94297 /* ViewportPaneView.swift */,
				910F616E0B2B18AE93235C5C /* ViewportStreamModel.swift */,
				2C15C21A1D66B78F091B982F /* VolumetricCoreView.swift */,
				D301484DF572698F2941DE58 /* WorkspaceBackground.swift */,
				406850612D88EBCDE400326F /* WorkspaceShellView.swift */,
				C1A92B3F0002000000000001 /* WorkspaceCoordinator.swift */,
				C1A92B3F0002000000000002 /* ThreadCoordinator.swift */,
				C1A92B3F0002000000000003 /* ThreadTitleGenerator.swift */,
				7786CDF5DA4B2DD35D029C4D /* WorktreeJobViews.swift */,
				F98CF927E58EF138B4C9E96F /* Geist-Light.ttf */,
				A4BAFF4AA60D144041CADF0F /* Geist-Medium.ttf */,
				58F2486771345ACA7568DAD6 /* Geist-Regular.ttf */,
				D66DB9A7EAB20B6D9ABC1B04 /* Studio.92CoreAsset.usdz */,
				EADD6A7B3A16B7D22D156E9A /* Studio.92GeneratedCore.usdz */,
				2E99A0DFFE45A1791374DAD5 /* studio92-hero.jpg */,
			);
			path = .;
			sourceTree = "<group>";
		};
		A10000050000000000000003 /* Products */ = {
			isa = PBXGroup;
			children = (
				A10000030000000000000001 /* CommandCenter.app */,
			);
			name = Products;
			sourceTree = "<group>";
		};
/* End PBXGroup section */

/* Begin PBXNativeTarget section */
		A10000060000000000000001 /* CommandCenter */ = {
			isa = PBXNativeTarget;
			buildConfigurationList = A10000080000000000000001 /* Build configuration list for PBXNativeTarget "CommandCenter" */;
			buildPhases = (
				A10000070000000000000001 /* Sources */,
				A10000040000000000000001 /* Frameworks */,
				A10000070000000000000002 /* Resources */,
			);
			buildRules = (
			);
			dependencies = (
			);
			name = CommandCenter;
			packageProductDependencies = (
				AABB0002CCDD0002EEFF0002 /* AgentCouncil */,
			);
			productName = CommandCenter;
			productReference = A10000030000000000000001 /* CommandCenter.app */;
			productType = "com.apple.product-type.application";
		};
/* End PBXNativeTarget section */

/* Begin PBXProject section */
		A10000090000000000000001 /* Project object */ = {
			isa = PBXProject;
			attributes = {
				BuildIndependentTargetsInParallel = 1;
				LastSwiftUpdateCheck = 1540;
				LastUpgradeCheck = 1540;
			};
			buildConfigurationList = A10000080000000000000002 /* Build configuration list for PBXProject "CommandCenter" */;
			compatibilityVersion = "Xcode 14.0";
			developmentRegion = en;
			hasScannedForEncodings = 0;
			knownRegions = (
				en,
				Base,
			);
			mainGroup = A10000050000000000000001;
			productRefGroup = A10000050000000000000003 /* Products */;
			projectDirPath = "";
			projectRoot = "";
			packageReferences = (
				AABB0001CCDD0001EEFF0001 /* XCLocalSwiftPackageReference ".." */,
			);
			targets = (
				A10000060000000000000001 /* CommandCenter */,
			);
		};
/* End PBXProject section */

/* Begin PBXResourcesBuildPhase section */
		A10000070000000000000002 /* Resources */ = {
			isa = PBXResourcesBuildPhase;
			buildActionMask = 2147483647;
			files = (
				76A00CA347FE4063CE004AF7 /* Geist-Light.ttf in Resources */,
				7C6AF6C9EFC306E1611B5377 /* Geist-Medium.ttf in Resources */,
				C4D5965668118BDA58938773 /* Geist-Regular.ttf in Resources */,
				2AC3E377124909F3918D61CC /* Studio.92CoreAsset.usdz in Resources */,
				C1CADA41322411522DB4AF5D /* Studio.92GeneratedCore.usdz in Resources */,
				F645A92B302448BF1B5B8D2C /* studio92-hero.jpg in Resources */,
			);
			runOnlyForDeploymentPostprocessing = 0;
		};
/* End PBXResourcesBuildPhase section */

/* Begin PBXSourcesBuildPhase section */
		A10000070000000000000001 /* Sources */ = {
			isa = PBXSourcesBuildPhase;
			buildActionMask = 2147483647;
			files = (
				CC271EC62BD32BB4CE5320D9 /* AGENTSParser.swift in Sources */,
				4FF1284C2B64F0A0C9CB347B /* AgenticBridge.swift in Sources */,
				26B3F201225767B9FE58C4EB /* AgenticBridgeTypes.swift in Sources */,
				8CFE538E1BAF16C5C498A882 /* AgenticToolDispatch.swift in Sources */,
				6AFAEDE425C1E9D22FB5768E /* AnthropicStreamHandler.swift in Sources */,
				19917E4EE5C91BF5FDC36DF7 /* CodexTerminalCoordinator.swift in Sources */,
				DFBD3F1F59A98DCECC9FB980 /* OpenAIStreamHandler.swift in Sources */,
				049F242DE39197BA8FF0C4C9 /* ArchitectureValidator.swift in Sources */,
				BE74AD3C412D2F167EA5FB93 /* ArtifactViews.swift in Sources */,
				A1BD1A9F0001000000000001 /* BuildDiagnostics.swift in Sources */,
				1E1FEF724EAB5F024344F5E4 /* ChatThreadComponents.swift in Sources */,
				632FA78E31CDD14C414242E6 /* CodeDiffEngine.swift in Sources */,
				2B3485B72DA2B41912060A35 /* CommandCenterApp.swift in Sources */,
				7B430E9436C535206BD065C3 /* CommandCenterView.swift in Sources */,
				31BB7E60865E92F5581D043C /* CompactionCoordinator.swift in Sources */,
				0BB67EFD4BCC5BD0B6430253 /* ChatDetailViews.swift in Sources */,
				DCA5482564BC800125BA640E /* ContextHeaderView.swift in Sources */,
				A8FF1161966E0C4866C67952 /* InlineMonitorViews.swift in Sources */,
				446BA504747FC77E5589B254 /* ComposerViews.swift in Sources */,
				52027B7AC4CDB838C1725146 /* DeploymentCoordinator.swift in Sources */,
				57DF55D1DB04E31917C0F384 /* CoreSceneController.swift in Sources */,
				A61CA95B616E1CB91112DE25 /* DashboardViews.swift in Sources */,
				3064876C6B8865531A02EFD1 /* ExecutionPaneView.swift in Sources */,
				5F3002493E0322D63BE3A58D /* ExecutionTreeViews.swift in Sources */,
				E65F5714942704B3931AB7E5 /* FactoryObserver.swift in Sources */,
				8CB8E47244366CA193C5646A /* FleetSidebarView.swift in Sources */,
				234DA8FA799E9C121DE54888 /* GitFoundation.swift in Sources */,
				DFD5649921CB85F1F90026FE /* HandoffExecutor.swift in Sources */,
				31D381DF9689E666724317FD /* JobFoundation.swift in Sources */,
				C9E8CEC611F8BE573D08E1E1 /* LatencyDiagnostics.swift in Sources */,
				9260257F7596881115349E37 /* MarkdownRendering.swift in Sources */,
				F9B8D5EB91C75EEE32CEC58B /* MemoryHardening.swift in Sources */,
				5A6B7C8D9E0F1A2B3C4D5E6F /* LiveStateEngine.swift in Sources */,
				2B3C4D5E6F7A8B9C0D1E2F3A /* ModelRouting.swift in Sources */,
				A1BD1A9F0001000000000002 /* MultimodalEngine.swift in Sources */,
				6B7C8D9E0F1A2B3C4D5E6F7A /* PipelineRunner.swift in Sources */,
				7C8D9E0F1A2B3C4D5E6F7A8B /* PipelineSupport.swift in Sources */,
				8D9E0F1A2B3C4D5E6F7A8B9C /* StreamingTextBuffer.swift in Sources */,
				1A2B3C4D5E6F7A8B9C0D1E2F /* ConversationModels.swift in Sources */,
				3C4D5E6F7A8B9C0D1E2F3A4B /* PersistenceModels.swift in Sources */,
				4D5E6F7A8B9C0D1E2F3A4B5C /* ThreadPersistenceCoordinator.swift in Sources */,
				7115E7D529534182E2B8B8DA /* NarrativeRenderer.swift in Sources */,
				FEF575123B46F6D281F54E45 /* RepositoryMonitor.swift in Sources */,
				A9FBCB160374E4048454F562 /* SessionInspectorModel.swift in Sources */,
				A5678CD7A641F6B718855AAE /* SessionInspectorView.swift in Sources */,
				2D01DD08302974B905F420C4 /* SessionTemplateEngine.swift in Sources */,
				9555EE8008149DBBC9624214 /* SimulatorPreviewService.swift in Sources */,
				02435D1E74ED8D66C82EB537 /* StatefulTerminalEngine.swift in Sources */,
				7926D6C5B3065199DCED7FC1 /* StreamPipeline.swift in Sources */,
				DD32B50EC68927F61F831A3F /* StreamRendering.swift in Sources */,
				DDC2D32E1D2C13C633AB498F /* StudioColorTokens.swift in Sources */,
				34ED9E3403349937E727E584 /* StudioMotion.swift in Sources */,
				70985AE89BE88A991C629B35 /* StudioTypography.swift in Sources */,
				3AD24BC21A93FD504DC9AA6E /* StudioPolish.swift in Sources */,
				79C086447AE61A04518CDDD0 /* TaskPlanEngine.swift in Sources */,
				3CE62826288F79942AA379DF /* TelemetryIngestor.swift in Sources */,
				5F053E3E1E50044DEAB0A610 /* ToolCallComponents.swift in Sources */,
				7CAB861CB07F7B0F81FEE65C /* ToolGuardrails.swift in Sources */,
				8025EFD3D38E831360460D35 /* ToolParallelism.swift in Sources */,
				A1EE27EFEDE3DE059AFCAC9D /* TraceStore.swift in Sources */,
				BB5F9222EBEDF170C1E803B9 /* ViewportPaneView.swift in Sources */,
				CEBD8ACD53B2A5DF5D2DE441 /* ViewportStreamModel.swift in Sources */,
				71CF9A7BD0693E5017EB9CC0 /* VolumetricCoreView.swift in Sources */,
				4A74717FBFB668EFAD86DA31 /* WorkspaceBackground.swift in Sources */,
				A747DC77E5B492A22F55140C /* WorkspaceShellView.swift in Sources */,
				C1A92B3F0001000000000001 /* WorkspaceCoordinator.swift in Sources */,
				C1A92B3F0001000000000002 /* ThreadCoordinator.swift in Sources */,
				C1A92B3F0001000000000003 /* ThreadTitleGenerator.swift in Sources */,
				8C0270E05E683269BEECEC8A /* WorktreeJobViews.swift in Sources */,
							C43B45B00B974A79CEDD20D2 /* StudioFeedback.swift in Sources */,
				4DCFA61ED0990A82DB1A205E /* StudioInsightEngine.swift in Sources */,
				9A94FA709564CFFBF6B6602B /* StudioAutomationEngine.swift in Sources */,
				E1F2A3B4C5D6E7F8A9B0C1D2 /* ExecutionLoopEngine.swift in Sources */,
				A3B4C5D6E7F8A9B0C1D2E3F4 /* AnthropicExecutionLoop.swift in Sources */,
				C5D6E7F8A9B0C1D2E3F4A5B6 /* OpenAIExecutionLoop.swift in Sources */,
				E7F8A9B0C1D2E3F4A5B6C7D8 /* ToolSchemas.swift in Sources */,
			);
			runOnlyForDeploymentPostprocessing = 0;
		};
/* End PBXSourcesBuildPhase section */

/* Begin XCBuildConfiguration section */
		A1000000A000000000000001 /* Debug */ = {
			isa = XCBuildConfiguration;
			buildSettings = {
				ALWAYS_SEARCH_USER_PATHS = NO;
				ASSETCATALOG_COMPILER_GENERATE_SWIFT_ASSET_SYMBOL_EXTENSIONS = YES;
				CLANG_ANALYZER_NONNULL = YES;
				CLANG_CXX_LANGUAGE_STANDARD = "gnu++20";
				CLANG_ENABLE_MODULES = YES;
				CLANG_ENABLE_OBJC_ARC = YES;
				COPY_PHASE_STRIP = NO;
				DEBUG_INFORMATION_FORMAT = dwarf;
				ENABLE_STRICT_OBJC_MSGSEND = YES;
				ENABLE_TESTABILITY = YES;
				GCC_DYNAMIC_NO_PIC = NO;
				GCC_OPTIMIZATION_LEVEL = 0;
				GCC_WARN_ABOUT_RETURN_TYPE = YES_ERROR;
				GCC_WARN_UNINITIALIZED_AUTOS = YES_AGGRESSIVE;
				MACOSX_DEPLOYMENT_TARGET = 14.0;
				MTL_ENABLE_DEBUG_INFO = INCLUDE_SOURCE;
				ONLY_ACTIVE_ARCH = YES;
				SDKROOT = macosx;
				SWIFT_ACTIVE_COMPILATION_CONDITIONS = "DEBUG $(inherited)";
				SWIFT_OPTIMIZATION_LEVEL = "-Onone";
				SWIFT_VERSION = 5.0;
			};
			name = Debug;
		};
		A1000000A000000000000002 /* Release */ = {
			isa = XCBuildConfiguration;
			buildSettings = {
				ALWAYS_SEARCH_USER_PATHS = NO;
				ASSETCATALOG_COMPILER_GENERATE_SWIFT_ASSET_SYMBOL_EXTENSIONS = YES;
				CLANG_ANALYZER_NONNULL = YES;
				CLANG_CXX_LANGUAGE_STANDARD = "gnu++20";
				CLANG_ENABLE_MODULES = YES;
				CLANG_ENABLE_OBJC_ARC = YES;
				COPY_PHASE_STRIP = NO;
				DEBUG_INFORMATION_FORMAT = "dwarf-with-dsym";
				ENABLE_NS_ASSERTIONS = NO;
				ENABLE_STRICT_OBJC_MSGSEND = YES;
				GCC_WARN_ABOUT_RETURN_TYPE = YES_ERROR;
				GCC_WARN_UNINITIALIZED_AUTOS = YES_AGGRESSIVE;
				MACOSX_DEPLOYMENT_TARGET = 14.0;
				MTL_ENABLE_DEBUG_INFO = NO;
				SDKROOT = macosx;
				SWIFT_COMPILATION_MODE = wholemodule;
				SWIFT_VERSION = 5.0;
			};
			name = Release;
		};
		A1000000A000000000000003 /* Debug */ = {
			isa = XCBuildConfiguration;
			buildSettings = {
				ASSETCATALOG_COMPILER_APPICON_NAME = AppIcon;
				CODE_SIGN_ENTITLEMENTS = "";
				CODE_SIGN_STYLE = Automatic;
				COMBINE_HIDPI_IMAGES = YES;
				CURRENT_PROJECT_VERSION = 1;
				ENABLE_HARDENED_RUNTIME = YES;
				GENERATE_INFOPLIST_FILE = YES;
				INFOPLIST_KEY_CFBundleDisplayName = "Studio.92";
				INFOPLIST_KEY_CFBundleName = "Studio.92";
				INFOPLIST_KEY_LSApplicationCategoryType = "public.app-category.developer-tools";
				INFOPLIST_KEY_NSHumanReadableCopyright = "Studio.92";
				LD_RUNPATH_SEARCH_PATHS = (
					"$(inherited)",
					"@executable_path/../Frameworks",
				);
				MARKETING_VERSION = 1.0;
				PRODUCT_BUNDLE_IDENTIFIER = "com.studio92.CommandCenter";
				PRODUCT_NAME = "$(TARGET_NAME)";
				SWIFT_EMIT_LOC_STRINGS = YES;
				SWIFT_VERSION = 5.0;
			};
			name = Debug;
		};
		A1000000A000000000000004 /* Release */ = {
			isa = XCBuildConfiguration;
			buildSettings = {
				ASSETCATALOG_COMPILER_APPICON_NAME = AppIcon;
				CODE_SIGN_ENTITLEMENTS = "";
				CODE_SIGN_STYLE = Automatic;
				COMBINE_HIDPI_IMAGES = YES;
				CURRENT_PROJECT_VERSION = 1;
				ENABLE_HARDENED_RUNTIME = YES;
				GENERATE_INFOPLIST_FILE = YES;
				INFOPLIST_KEY_CFBundleDisplayName = "Studio.92";
				INFOPLIST_KEY_CFBundleName = "Studio.92";
				INFOPLIST_KEY_LSApplicationCategoryType = "public.app-category.developer-tools";
				INFOPLIST_KEY_NSHumanReadableCopyright = "Studio.92";
				LD_RUNPATH_SEARCH_PATHS = (
					"$(inherited)",
					"@executable_path/../Frameworks",
				);
				MARKETING_VERSION = 1.0;
				PRODUCT_BUNDLE_IDENTIFIER = "com.studio92.CommandCenter";
				PRODUCT_NAME = "$(TARGET_NAME)";
				SWIFT_EMIT_LOC_STRINGS = YES;
				SWIFT_VERSION = 5.0;
			};
			name = Release;
		};
/* End XCBuildConfiguration section */

/* Begin XCConfigurationList section */
		A10000080000000000000001 /* Build configuration list for PBXNativeTarget "CommandCenter" */ = {
			isa = XCConfigurationList;
			buildConfigurations = (
				A1000000A000000000000003 /* Debug */,
				A1000000A000000000000004 /* Release */,
			);
			defaultConfigurationIsVisible = 0;
			defaultConfigurationName = Release;
		};
		A10000080000000000000002 /* Build configuration list for PBXProject "CommandCenter" */ = {
			isa = XCConfigurationList;
			buildConfigurations = (
				A1000000A000000000000001 /* Debug */,
				A1000000A000000000000002 /* Release */,
			);
			defaultConfigurationIsVisible = 0;
			defaultConfigurationName = Release;
		};
/* End XCConfigurationList section */

/* Begin XCLocalSwiftPackageReference section */
		AABB0001CCDD0001EEFF0001 /* XCLocalSwiftPackageReference ".." */ = {
			isa = XCLocalSwiftPackageReference;
			relativePath = "..";
		};
/* End XCLocalSwiftPackageReference section */

/* Begin XCSwiftPackageProductDependency section */
		AABB0002CCDD0002EEFF0002 /* AgentCouncil */ = {
			isa = XCSwiftPackageProductDependency;
			productName = AgentCouncil;
		};
/* End XCSwiftPackageProductDependency section */

	};
	rootObject = A10000090000000000000001 /* Project object */;
}
